
Microsoft Visual Studio Solution File, Format Version 12.00
# Visual Studio Version 16
VisualStudioVersion = 16.0.30717.126
MinimumVisualStudioVersion = 10.0.40219.1
Project("{FAE04EC0-301F-11D3-BF4B-00C04F79EFBC}") = "Ratuj_Ludzi3", "Ratuj_Ludzi3\Ratuj_Ludzi3.csproj", "{20C64C14-5511-4124-8CB3-D7184FCAF51E}"
EndProject
Project("{FAE04EC0-301F-11D3-BF4B-00C04F79EFBC}") = "Hive management system", "Hive management system\Hive management system\Hive management system.csproj", "{B6740164-76EE-4D49-ABB4-DBB4E2996C3A}"
EndProject
Project("{FAE04EC0-301F-11D3-BF4B-00C04F79EFBC}") = "TallGuy", "TallGuy\TallGuy.csproj", "{9BEE2B3A-022F-43FB-AE93-B6A0FCE40580}"
EndProject
Project("{FAE04EC0-301F-11D3-BF4B-00C04F79EFBC}") = "Peekaboo", "Peekaboo\Peekaboo.csproj", "{E1645BEB-9878-42E7-8D3B-23141D193896}"
EndProject
Project("{FAE04EC0-301F-11D3-BF4B-00C04F79EFBC}") = "DeckOfCard", "DeckOfCard\DeckOfCard.csproj", "{547BF68F-50BD-43FF-B7FD-0CBED48077BB}"
EndProject
Project("{FAE04EC0-301F-11D3-BF4B-00C04F79EFBC}") = "GoToFishing", "GoToFishing\GoToFishing.csproj", "{4DDF435D-D0A9-464D-852F-1E5389002BA7}"
EndProject
Project("{FAE04EC0-301F-11D3-BF4B-00C04F79EFBC}") = "BreakfastForLumberjacks", "BreakfastForLumberjacks\BreakfastForLumberjacks.csproj", "{9A7A7D9F-EBB3-4BC4-81F0-F546EFC57811}"
EndProject
Project("{FAE04EC0-301F-11D3-BF4B-00C04F79EFBC}") = "ListOfWorkers", "ListOfWorkers\ListOfWorkers.csproj", "{B8477BC7-10D9-4AEF-830E-B4878A885007}"
EndProject
Global
	GlobalSection(SolutionConfigurationPlatforms) = preSolution
		Debug|Any CPU = Debug|Any CPU
		Release|Any CPU = Release|Any CPU
	EndGlobalSection
	GlobalSection(ProjectConfigurationPlatforms) = postSolution
		{20C64C14-5511-4124-8CB3-D7184FCAF51E}.Debug|Any CPU.ActiveCfg = Debug|Any CPU
		{20C64C14-5511-4124-8CB3-D7184FCAF51E}.Debug|Any CPU.Build.0 = Debug|Any CPU
		{20C64C14-5511-4124-8CB3-D7184FCAF51E}.Release|Any CPU.ActiveCfg = Release|Any CPU
		{20C64C14-5511-4124-8CB3-D7184FCAF51E}.Release|Any CPU.Build.0 = Release|Any CPU
		{B6740164-76EE-4D49-ABB4-DBB4E2996C3A}.Debug|Any CPU.ActiveCfg = Debug|Any CPU
		{B6740164-76EE-4D49-ABB4-DBB4E2996C3A}.Debug|Any CPU.Build.0 = Debug|Any CPU
		{B6740164-76EE-4D49-ABB4-DBB4E2996C3A}.Release|Any CPU.ActiveCfg = Release|Any CPU
		{B6740164-76EE-4D49-ABB4-DBB4E2996C3A}.Release|Any CPU.Build.0 = Release|Any CPU
		{9BEE2B3A-022F-43FB-AE93-B6A0FCE40580}.Debug|Any CPU.ActiveCfg = Debug|Any CPU
		{9BEE2B3A-022F-43FB-AE93-B6A0FCE40580}.Debug|Any CPU.Build.0 = Debug|Any CPU
		{9BEE2B3A-022F-43FB-AE93-B6A0FCE40580}.Release|Any CPU.ActiveCfg = Release|Any CPU
		{9BEE2B3A-022F-43FB-AE93-B6A0FCE40580}.Release|Any CPU.Build.0 = Release|Any CPU
		{E1645BEB-9878-42E7-8D3B-23141D193896}.Debug|Any CPU.ActiveCfg = Debug|Any CPU
		{E1645BEB-9878-42E7-8D3B-23141D193896}.Debug|Any CPU.Build.0 = Debug|Any CPU
		{E1645BEB-9878-42E7-8D3B-23141D193896}.Release|Any CPU.ActiveCfg = Release|Any CPU
		{E1645BEB-9878-42E7-8D3B-23141D193896}.Release|Any CPU.Build.0 = Release|Any CPU
		{547BF68F-50BD-43FF-B7FD-0CBED48077BB}.Debug|Any CPU.ActiveCfg = Debug|Any CPU
		{547BF68F-50BD-43FF-B7FD-0CBED48077BB}.Debug|Any CPU.Build.0 = Debug|Any CPU
		{547BF68F-50BD-43FF-B7FD-0CBED48077BB}.Release|Any CPU.ActiveCfg = Release|Any CPU
		{547BF68F-50BD-43FF-B7FD-0CBED48077BB}.Release|Any CPU.Build.0 = Release|Any CPU
		{4DDF435D-D0A9-464D-852F-1E5389002BA7}.Debug|Any CPU.ActiveCfg = Debug|Any CPU
		{4DDF435D-D0A9-464D-852F-1E5389002BA7}.Debug|Any CPU.Build.0 = Debug|Any CPU
		{4DDF435D-D0A9-464D-852F-1E5389002BA7}.Release|Any CPU.ActiveCfg = Release|Any CPU
		{4DDF435D-D0A9-464D-852F-1E5389002BA7}.Release|Any CPU.Build.0 = Release|Any CPU
		{9A7A7D9F-EBB3-4BC4-81F0-F546EFC57811}.Debug|Any CPU.ActiveCfg = Debug|Any CPU
		{9A7A7D9F-EBB3-4BC4-81F0-F546EFC57811}.Debug|Any CPU.Build.0 = Debug|Any CPU
		{9A7A7D9F-EBB3-4BC4-81F0-F546EFC57811}.Release|Any CPU.ActiveCfg = Release|Any CPU
		{9A7A7D9F-EBB3-4BC4-81F0-F546EFC57811}.Release|Any CPU.Build.0 = Release|Any CPU
		{B8477BC7-10D9-4AEF-830E-B4878A885007}.Debug|Any CPU.ActiveCfg = Debug|Any CPU
		{B8477BC7-10D9-4AEF-830E-B4878A885007}.Debug|Any CPU.Build.0 = Debug|Any CPU
		{B8477BC7-10D9-4AEF-830E-B4878A885007}.Release|Any CPU.ActiveCfg = Release|Any CPU
		{B8477BC7-10D9-4AEF-830E-B4878A885007}.Release|Any CPU.Build.0 = Release|Any CPU
	EndGlobalSection
	GlobalSection(SolutionProperties) = preSolution
		HideSolutionNode = FALSE
	EndGlobalSection
	GlobalSection(ExtensibilityGlobals) = postSolution
		SolutionGuid = {C791F45E-680E-4F18-A947-400778341EDF}
	EndGlobalSection
EndGlobal
