
Microsoft Visual Studio Solution File, Format Version 12.00
# Visual Studio Version 16
VisualStudioVersion = 16.0.30717.126
MinimumVisualStudioVersion = 10.0.40219.1
Project("{FAE04EC0-301F-11D3-BF4B-00C04F79EFBC}") = "Hive management system", "Hive management system\Hive management system.csproj", "{B6740164-76EE-4D49-ABB4-DBB4E2996C3A}"
EndProject
Global
	GlobalSection(SolutionConfigurationPlatforms) = preSolution
		Debug|Any CPU = Debug|Any CPU
		Release|Any CPU = Release|Any CPU
	EndGlobalSection
	GlobalSection(ProjectConfigurationPlatforms) = postSolution
		{B6740164-76EE-4D49-ABB4-DBB4E2996C3A}.Debug|Any CPU.ActiveCfg = Debug|Any CPU
		{B6740164-76EE-4D49-ABB4-DBB4E2996C3A}.Debug|Any CPU.Build.0 = Debug|Any CPU
		{B6740164-76EE-4D49-ABB4-DBB4E2996C3A}.Release|Any CPU.ActiveCfg = Release|Any CPU
		{B6740164-76EE-4D49-ABB4-DBB4E2996C3A}.Release|Any CPU.Build.0 = Release|Any CPU
	EndGlobalSection
	GlobalSection(SolutionProperties) = preSolution
		HideSolutionNode = FALSE
	EndGlobalSection
	GlobalSection(ExtensibilityGlobals) = postSolution
		SolutionGuid = {D6CA7EAA-3B38-4A11-A19B-FD2544A7A371}
	EndGlobalSection
EndGlobal
