
Microsoft Visual Studio Solution File, Format Version 12.00
# Visual Studio Version 16
VisualStudioVersion = 16.0.30717.126
MinimumVisualStudioVersion = 10.0.40219.1
Project("{FAE04EC0-301F-11D3-BF4B-00C04F79EFBC}") = "Dzien Na Wyscigach", "Dzien Na Wyscigach\Dzien Na Wyscigach.csproj", "{4F8186FF-4A70-4A2D-B82A-9298020977FA}"
EndProject
Global
	GlobalSection(SolutionConfigurationPlatforms) = preSolution
		Debug|Any CPU = Debug|Any CPU
		Release|Any CPU = Release|Any CPU
	EndGlobalSection
	GlobalSection(ProjectConfigurationPlatforms) = postSolution
		{4F8186FF-4A70-4A2D-B82A-9298020977FA}.Debug|Any CPU.ActiveCfg = Debug|Any CPU
		{4F8186FF-4A70-4A2D-B82A-9298020977FA}.Debug|Any CPU.Build.0 = Debug|Any CPU
		{4F8186FF-4A70-4A2D-B82A-9298020977FA}.Release|Any CPU.ActiveCfg = Release|Any CPU
		{4F8186FF-4A70-4A2D-B82A-9298020977FA}.Release|Any CPU.Build.0 = Release|Any CPU
	EndGlobalSection
	GlobalSection(SolutionProperties) = preSolution
		HideSolutionNode = FALSE
	EndGlobalSection
	GlobalSection(ExtensibilityGlobals) = postSolution
		SolutionGuid = {7A2673E6-216D-4053-95A5-4596BEF46834}
	EndGlobalSection
EndGlobal
